
Microsoft Visual Studio Solution File, Format Version 12.00
# Visual Studio Version 17
VisualStudioVersion = 17.0.31903.59
MinimumVisualStudioVersion = 10.0.40219.1
Project("{FAE04EC0-301F-11D3-BF4B-00C04F79EFBC}") = "BoomyBuilder", "BoomyBuilder\BoomyBuilder.csproj", "{221D1F44-9DE9-4DE2-9C7E-FBA0FF89521B}"
EndProject
Project("{FAE04EC0-301F-11D3-BF4B-00C04F79EFBC}") = "MiloLib", "BoomyDeps\MiloLib\MiloLib.csproj", "{A8B5E5D1-8B2C-4D3E-9F0A-1B2C3D4E5F60}"
EndProject
Global
	GlobalSection(SolutionConfigurationPlatforms) = preSolution
		Debug|Any CPU = Debug|Any CPU
		Release|Any CPU = Release|Any CPU
	EndGlobalSection
	GlobalSection(ProjectConfigurationPlatforms) = postSolution
		{221D1F44-9DE9-4DE2-9C7E-FBA0FF89521B}.Debug|Any CPU.ActiveCfg = Debug|Any CPU
		{221D1F44-9DE9-4DE2-9C7E-FBA0FF89521B}.Debug|Any CPU.Build.0 = Debug|Any CPU
		{221D1F44-9DE9-4DE2-9C7E-FBA0FF89521B}.Release|Any CPU.ActiveCfg = Release|Any CPU
		{221D1F44-9DE9-4DE2-9C7E-FBA0FF89521B}.Release|Any CPU.Build.0 = Release|Any CPU
		{A8B5E5D1-8B2C-4D3E-9F0A-1B2C3D4E5F60}.Debug|Any CPU.ActiveCfg = Debug|Any CPU
		{A8B5E5D1-8B2C-4D3E-9F0A-1B2C3D4E5F60}.Debug|Any CPU.Build.0 = Debug|Any CPU
		{A8B5E5D1-8B2C-4D3E-9F0A-1B2C3D4E5F60}.Release|Any CPU.ActiveCfg = Release|Any CPU
		{A8B5E5D1-8B2C-4D3E-9F0A-1B2C3D4E5F60}.Release|Any CPU.Build.0 = Release|Any CPU
	EndGlobalSection
	GlobalSection(SolutionProperties) = preSolution
		HideSolutionNode = FALSE
	EndGlobalSection
EndGlobal
